{
  "name": "DanielFRivas-Final4D",
  "lockfileVersion": 3,
  "requires": true,
  "packages": {
    "": {
      "dependencies": {
        "@lottiefiles/dotlottie-web": "^0.46.0"
      }
    },
    "node_modules/@lottiefiles/dotlottie-web": {
      "version": "0.46.0",
      "resolved": "https://registry.npmjs.org/@lottiefiles/dotlottie-web/-/dotlottie-web-0.46.0.tgz",
      "integrity": "sha512-wirTuVcR/cu9HTckgrXjQggeO4sap4QPBLWDUyBDEQJugY3CLHm4lECrDtLBtIzUJZXTeyidvTOY9lZIQ5qdTw==",
      "license": "MIT"
    }
  }
}
